<Solution>
    <Configurations>
        <Platform Name="Any CPU" />
    </Configurations>

    <Folder Name="/src/">
        <Project Path="src/EasyLog/EasyLog.csproj" />
        <Project Path="src/EasySave.Domain/EasySave.Domain.csproj" />
        <Project Path="src/EasySave.Infrastructure/EasySave.Infrastructure.csproj" />
        <Project Path="src/EasySave.Application/EasySave.Application.csproj" />
        <Project Path="src/EasySave.CLI/EasySave.CLI.csproj" />
    </Folder>

</Solution>
